// !$*UTF8*$!
{
	archiveVersion = 1;
	classes = {
	};
	objectVersion = 46;
	objects = {

/* Begin PBXBuildFile section */
		437FE31F19A602B4007F9726 /* Foundation.framework in Frameworks */ = {isa = PBXBuildFile; fileRef = 437FE31E19A602B4007F9726 /* Foundation.framework */; };
		437FE32119A602B4007F9726 /* CoreGraphics.framework in Frameworks */ = {isa = PBXBuildFile; fileRef = 437FE32019A602B4007F9726 /* CoreGraphics.framework */; };
		437FE32319A602B4007F9726 /* UIKit.framework in Frameworks */ = {isa = PBXBuildFile; fileRef = 437FE32219A602B4007F9726 /* UIKit.framework */; };
		437FE32919A602B4007F9726 /* InfoPlist.strings in Resources */ = {isa = PBXBuildFile; fileRef = 437FE32719A602B4007F9726 /* InfoPlist.strings */; };
		437FE32B19A602B4007F9726 /* main.m in Sources */ = {isa = PBXBuildFile; fileRef = 437FE32A19A602B4007F9726 /* main.m */; };
		437FE32F19A602B4007F9726 /* AppDelegate.m in Sources */ = {isa = PBXBuildFile; fileRef = 437FE32E19A602B4007F9726 /* AppDelegate.m */; };
		437FE33219A602B4007F9726 /* Main.storyboard in Resources */ = {isa = PBXBuildFile; fileRef = 437FE33019A602B4007F9726 /* Main.storyboard */; };
		437FE33519A602B4007F9726 /* ViewController.m in Sources */ = {isa = PBXBuildFile; fileRef = 437FE33419A602B4007F9726 /* ViewController.m */; };
		437FE33719A602B4007F9726 /* Images.xcassets in Resources */ = {isa = PBXBuildFile; fileRef = 437FE33619A602B4007F9726 /* Images.xcassets */; };
		437FE33E19A602B4007F9726 /* XCTest.framework in Frameworks */ = {isa = PBXBuildFile; fileRef = 437FE33D19A602B4007F9726 /* XCTest.framework */; };
		437FE33F19A602B4007F9726 /* Foundation.framework in Frameworks */ = {isa = PBXBuildFile; fileRef = 437FE31E19A602B4007F9726 /* Foundation.framework */; };
		437FE34019A602B4007F9726 /* UIKit.framework in Frameworks */ = {isa = PBXBuildFile; fileRef = 437FE32219A602B4007F9726 /* UIKit.framework */; };
		437FE34819A602B4007F9726 /* InfoPlist.strings in Resources */ = {isa = PBXBuildFile; fileRef = 437FE34619A602B4007F9726 /* InfoPlist.strings */; };
		437FE34A19A602B4007F9726 /* DNAppTests.m in Sources */ = {isa = PBXBuildFile; fileRef = 437FE34919A602B4007F9726 /* DNAppTests.m */; };
/* End PBXBuildFile section */

/* Begin PBXContainerItemProxy section */
		437FE34119A602B4007F9726 /* PBXContainerItemProxy */ = {
			isa = PBXContainerItemProxy;
			containerPortal = 437FE31319A602B4007F9726 /* Project object */;
			proxyType = 1;
			remoteGlobalIDString = 437FE31A19A602B4007F9726;
			remoteInfo = DNApp;
		};
/* End PBXContainerItemProxy section */

/* Begin PBXFileReference section */
		437FE31B19A602B4007F9726 /* DNApp.app */ = {isa = PBXFileReference; explicitFileType = wrapper.application; includeInIndex = 0; path = DNApp.app; sourceTree = BUILT_PRODUCTS_DIR; };
		437FE31E19A602B4007F9726 /* Foundation.framework */ = {isa = PBXFileReference; lastKnownFileType = wrapper.framework; name = Foundation.framework; path = System/Library/Frameworks/Foundation.framework; sourceTree = SDKROOT; };
		437FE32019A602B4007F9726 /* CoreGraphics.framework */ = {isa = PBXFileReference; lastKnownFileType = wrapper.framework; name = CoreGraphics.framework; path = System/Library/Frameworks/CoreGraphics.framework; sourceTree = SDKROOT; };
		437FE32219A602B4007F9726 /* UIKit.framework */ = {isa = PBXFileReference; lastKnownFileType = wrapper.framework; name = UIKit.framework; path = System/Library/Frameworks/UIKit.framework; sourceTree = SDKROOT; };
		437FE32619A602B4007F9726 /* DNApp-Info.plist */ = {isa = PBXFileReference; lastKnownFileType = text.plist.xml; path = "DNApp-Info.plist"; sourceTree = "<group>"; };
		437FE32819A602B4007F9726 /* en */ = {isa = PBXFileReference; lastKnownFileType = text.plist.strings; name = en; path = en.lproj/InfoPlist.strings; sourceTree = "<group>"; };
		437FE32A19A602B4007F9726 /* main.m */ = {isa = PBXFileReference; lastKnownFileType = sourcecode.c.objc; path = main.m; sourceTree = "<group>"; };
		437FE32C19A602B4007F9726 /* DNApp-Prefix.pch */ = {isa = PBXFileReference; lastKnownFileType = sourcecode.c.h; path = "DNApp-Prefix.pch"; sourceTree = "<group>"; };
		437FE32D19A602B4007F9726 /* AppDelegate.h */ = {isa = PBXFileReference; lastKnownFileType = sourcecode.c.h; path = AppDelegate.h; sourceTree = "<group>"; };
		437FE32E19A602B4007F9726 /* AppDelegate.m */ = {isa = PBXFileReference; lastKnownFileType = sourcecode.c.objc; path = AppDelegate.m; sourceTree = "<group>"; };
		437FE33119A602B4007F9726 /* Base */ = {isa = PBXFileReference; lastKnownFileType = file.storyboard; name = Base; path = Base.lproj/Main.storyboard; sourceTree = "<group>"; };
		437FE33319A602B4007F9726 /* ViewController.h */ = {isa = PBXFileReference; lastKnownFileType = sourcecode.c.h; path = ViewController.h; sourceTree = "<group>"; };
		437FE33419A602B4007F9726 /* ViewController.m */ = {isa = PBXFileReference; lastKnownFileType = sourcecode.c.objc; path = ViewController.m; sourceTree = "<group>"; };
		437FE33619A602B4007F9726 /* Images.xcassets */ = {isa = PBXFileReference; lastKnownFileType = folder.assetcatalog; path = Images.xcassets; sourceTree = "<group>"; };
		437FE33C19A602B4007F9726 /* DNAppTests.xctest */ = {isa = PBXFileReference; explicitFileType = wrapper.cfbundle; includeInIndex = 0; path = DNAppTests.xctest; sourceTree = BUILT_PRODUCTS_DIR; };
		437FE33D19A602B4007F9726 /* XCTest.framework */ = {isa = PBXFileReference; lastKnownFileType = wrapper.framework; name = XCTest.framework; path = Library/Frameworks/XCTest.framework; sourceTree = DEVELOPER_DIR; };
		437FE34519A602B4007F9726 /* DNAppTests-Info.plist */ = {isa = PBXFileReference; lastKnownFileType = text.plist.xml; path = "DNAppTests-Info.plist"; sourceTree = "<group>"; };
		437FE34719A602B4007F9726 /* en */ = {isa = PBXFileReference; lastKnownFileType = text.plist.strings; name = en; path = en.lproj/InfoPlist.strings; sourceTree = "<group>"; };
		437FE34919A602B4007F9726 /* DNAppTests.m */ = {isa = PBXFileReference; lastKnownFileType = sourcecode.c.objc; path = DNAppTests.m; sourceTree = "<group>"; };
/* End PBXFileReference section */

/* Begin PBXFrameworksBuildPhase section */
		437FE31819A602B4007F9726 /* Frameworks */ = {
			isa = PBXFrameworksBuildPhase;
			buildActionMask = 2147483647;
			files = (
				437FE32119A602B4007F9726 /* CoreGraphics.framework in Frameworks */,
				437FE32319A602B4007F9726 /* UIKit.framework in Frameworks */,
				437FE31F19A602B4007F9726 /* Foundation.framework in Frameworks */,
			);
			runOnlyForDeploymentPostprocessing = 0;
		};
		437FE33919A602B4007F9726 /* Frameworks */ = {
			isa = PBXFrameworksBuildPhase;
			buildActionMask = 2147483647;
			files = (
				437FE33E19A602B4007F9726 /* XCTest.framework in Frameworks */,
				437FE34019A602B4007F9726 /* UIKit.framework in Frameworks */,
				437FE33F19A602B4007F9726 /* Foundation.framework in Frameworks */,
			);
			runOnlyForDeploymentPostprocessing = 0;
		};
/* End PBXFrameworksBuildPhase section */

/* Begin PBXGroup section */
		437FE31219A602B4007F9726 = {
			isa = PBXGroup;
			children = (
				437FE32419A602B4007F9726 /* DNApp */,
				437FE34319A602B4007F9726 /* DNAppTests */,
				437FE31D19A602B4007F9726 /* Frameworks */,
				437FE31C19A602B4007F9726 /* Products */,
			);
			sourceTree = "<group>";
		};
		437FE31C19A602B4007F9726 /* Products */ = {
			isa = PBXGroup;
			children = (
				437FE31B19A602B4007F9726 /* DNApp.app */,
				437FE33C19A602B4007F9726 /* DNAppTests.xctest */,
			);
			name = Products;
			sourceTree = "<group>";
		};
		437FE31D19A602B4007F9726 /* Frameworks */ = {
			isa = PBXGroup;
			children = (
				437FE31E19A602B4007F9726 /* Foundation.framework */,
				437FE32019A602B4007F9726 /* CoreGraphics.framework */,
				437FE32219A602B4007F9726 /* UIKit.framework */,
				437FE33D19A602B4007F9726 /* XCTest.framework */,
			);
			name = Frameworks;
			sourceTree = "<group>";
		};
		437FE32419A602B4007F9726 /* DNApp */ = {
			isa = PBXGroup;
			children = (
				437FE32D19A602B4007F9726 /* AppDelegate.h */,
				437FE32E19A602B4007F9726 /* AppDelegate.m */,
				437FE33019A602B4007F9726 /* Main.storyboard */,
				437FE33319A602B4007F9726 /* ViewController.h */,
				437FE33419A602B4007F9726 /* ViewController.m */,
				437FE33619A602B4007F9726 /* Images.xcassets */,
				437FE32519A602B4007F9726 /* Supporting Files */,
			);
			path = DNApp;
			sourceTree = "<group>";
		};
		437FE32519A602B4007F9726 /* Supporting Files */ = {
			isa = PBXGroup;
			children = (
				437FE32619A602B4007F9726 /* DNApp-Info.plist */,
				437FE32719A602B4007F9726 /* InfoPlist.strings */,
				437FE32A19A602B4007F9726 /* main.m */,
				437FE32C19A602B4007F9726 /* DNApp-Prefix.pch */,
			);
			name = "Supporting Files";
			sourceTree = "<group>";
		};
		437FE34319A602B4007F9726 /* DNAppTests */ = {
			isa = PBXGroup;
			children = (
				437FE34919A602B4007F9726 /* DNAppTests.m */,
				437FE34419A602B4007F9726 /* Supporting Files */,
			);
			path = DNAppTests;
			sourceTree = "<group>";
		};
		437FE34419A602B4007F9726 /* Supporting Files */ = {
			isa = PBXGroup;
			children = (
				437FE34519A602B4007F9726 /* DNAppTests-Info.plist */,
				437FE34619A602B4007F9726 /* InfoPlist.strings */,
			);
			name = "Supporting Files";
			sourceTree = "<group>";
		};
/* End PBXGroup section */

/* Begin PBXNativeTarget section */
		437FE31A19A602B4007F9726 /* DNApp */ = {
			isa = PBXNativeTarget;
			buildConfigurationList = 437FE34D19A602B4007F9726 /* Build configuration list for PBXNativeTarget "DNApp" */;
			buildPhases = (
				437FE31719A602B4007F9726 /* Sources */,
				437FE31819A602B4007F9726 /* Frameworks */,
				437FE31919A602B4007F9726 /* Resources */,
			);
			buildRules = (
			);
			dependencies = (
			);
			name = DNApp;
			productName = DNApp;
			productReference = 437FE31B19A602B4007F9726 /* DNApp.app */;
			productType = "com.apple.product-type.application";
		};
		437FE33B19A602B4007F9726 /* DNAppTests */ = {
			isa = PBXNativeTarget;
			buildConfigurationList = 437FE35019A602B4007F9726 /* Build configuration list for PBXNativeTarget "DNAppTests" */;
			buildPhases = (
				437FE33819A602B4007F9726 /* Sources */,
				437FE33919A602B4007F9726 /* Frameworks */,
				437FE33A19A602B4007F9726 /* Resources */,
			);
			buildRules = (
			);
			dependencies = (
				437FE34219A602B4007F9726 /* PBXTargetDependency */,
			);
			name = DNAppTests;
			productName = DNAppTests;
			productReference = 437FE33C19A602B4007F9726 /* DNAppTests.xctest */;
			productType = "com.apple.product-type.bundle.unit-test";
		};
/* End PBXNativeTarget section */

/* Begin PBXProject section */
		437FE31319A602B4007F9726 /* Project object */ = {
			isa = PBXProject;
			attributes = {
				LastUpgradeCheck = 0510;
				ORGANIZATIONNAME = Bogdan;
				TargetAttributes = {
					437FE33B19A602B4007F9726 = {
						TestTargetID = 437FE31A19A602B4007F9726;
					};
				};
			};
			buildConfigurationList = 437FE31619A602B4007F9726 /* Build configuration list for PBXProject "DNApp" */;
			compatibilityVersion = "Xcode 3.2";
			developmentRegion = English;
			hasScannedForEncodings = 0;
			knownRegions = (
				en,
				Base,
			);
			mainGroup = 437FE31219A602B4007F9726;
			productRefGroup = 437FE31C19A602B4007F9726 /* Products */;
			projectDirPath = "";
			projectRoot = "";
			targets = (
				437FE31A19A602B4007F9726 /* DNApp */,
				437FE33B19A602B4007F9726 /* DNAppTests */,
			);
		};
/* End PBXProject section */

/* Begin PBXResourcesBuildPhase section */
		437FE31919A602B4007F9726 /* Resources */ = {
			isa = PBXResourcesBuildPhase;
			buildActionMask = 2147483647;
			files = (
				437FE33719A602B4007F9726 /* Images.xcassets in Resources */,
				437FE32919A602B4007F9726 /* InfoPlist.strings in Resources */,
				437FE33219A602B4007F9726 /* Main.storyboard in Resources */,
			);
			runOnlyForDeploymentPostprocessing = 0;
		};
		437FE33A19A602B4007F9726 /* Resources */ = {
			isa = PBXResourcesBuildPhase;
			buildActionMask = 2147483647;
			files = (
				437FE34819A602B4007F9726 /* InfoPlist.strings in Resources */,
			);
			runOnlyForDeploymentPostprocessing = 0;
		};
/* End PBXResourcesBuildPhase section */

/* Begin PBXSourcesBuildPhase section */
		437FE31719A602B4007F9726 /* Sources */ = {
			isa = PBXSourcesBuildPhase;
			buildActionMask = 2147483647;
			files = (
				437FE33519A602B4007F9726 /* ViewController.m in Sources */,
				437FE32F19A602B4007F9726 /* AppDelegate.m in Sources */,
				437FE32B19A602B4007F9726 /* main.m in Sources */,
			);
			runOnlyForDeploymentPostprocessing = 0;
		};
		437FE33819A602B4007F9726 /* Sources */ = {
			isa = PBXSourcesBuildPhase;
			buildActionMask = 2147483647;
			files = (
				437FE34A19A602B4007F9726 /* DNAppTests.m in Sources */,
			);
			runOnlyForDeploymentPostprocessing = 0;
		};
/* End PBXSourcesBuildPhase section */

/* Begin PBXTargetDependency section */
		437FE34219A602B4007F9726 /* PBXTargetDependency */ = {
			isa = PBXTargetDependency;
			target = 437FE31A19A602B4007F9726 /* DNApp */;
			targetProxy = 437FE34119A602B4007F9726 /* PBXContainerItemProxy */;
		};
/* End PBXTargetDependency section */

/* Begin PBXVariantGroup section */
		437FE32719A602B4007F9726 /* InfoPlist.strings */ = {
			isa = PBXVariantGroup;
			children = (
				437FE32819A602B4007F9726 /* en */,
			);
			name = InfoPlist.strings;
			sourceTree = "<group>";
		};
		437FE33019A602B4007F9726 /* Main.storyboard */ = {
			isa = PBXVariantGroup;
			children = (
				437FE33119A602B4007F9726 /* Base */,
			);
			name = Main.storyboard;
			sourceTree = "<group>";
		};
		437FE34619A602B4007F9726 /* InfoPlist.strings */ = {
			isa = PBXVariantGroup;
			children = (
				437FE34719A602B4007F9726 /* en */,
			);
			name = InfoPlist.strings;
			sourceTree = "<group>";
		};
/* End PBXVariantGroup section */

/* Begin XCBuildConfiguration section */
		437FE34B19A602B4007F9726 /* Debug */ = {
			isa = XCBuildConfiguration;
			buildSettings = {
				ALWAYS_SEARCH_USER_PATHS = NO;
				CLANG_CXX_LANGUAGE_STANDARD = "gnu++0x";
				CLANG_CXX_LIBRARY = "libc++";
				CLANG_ENABLE_MODULES = YES;
				CLANG_ENABLE_OBJC_ARC = YES;
				CLANG_WARN_BOOL_CONVERSION = YES;
				CLANG_WARN_CONSTANT_CONVERSION = YES;
				CLANG_WARN_DIRECT_OBJC_ISA_USAGE = YES_ERROR;
				CLANG_WARN_EMPTY_BODY = YES;
				CLANG_WARN_ENUM_CONVERSION = YES;
				CLANG_WARN_INT_CONVERSION = YES;
				CLANG_WARN_OBJC_ROOT_CLASS = YES_ERROR;
				CLANG_WARN__DUPLICATE_METHOD_MATCH = YES;
				"CODE_SIGN_IDENTITY[sdk=iphoneos*]" = "iPhone Developer";
				COPY_PHASE_STRIP = NO;
				GCC_C_LANGUAGE_STANDARD = gnu99;
				GCC_DYNAMIC_NO_PIC = NO;
				GCC_OPTIMIZATION_LEVEL = 0;
				GCC_PREPROCESSOR_DEFINITIONS = (
					"DEBUG=1",
					"$(inherited)",
				);
				GCC_SYMBOLS_PRIVATE_EXTERN = NO;
				GCC_WARN_64_TO_32_BIT_CONVERSION = YES;
				GCC_WARN_ABOUT_RETURN_TYPE = YES_ERROR;
				GCC_WARN_UNDECLARED_SELECTOR = YES;
				GCC_WARN_UNINITIALIZED_AUTOS = YES_AGGRESSIVE;
				GCC_WARN_UNUSED_FUNCTION = YES;
				GCC_WARN_UNUSED_VARIABLE = YES;
				IPHONEOS_DEPLOYMENT_TARGET = 7.1;
				ONLY_ACTIVE_ARCH = YES;
				SDKROOT = iphoneos;
			};
			name = Debug;
		};
		437FE34C19A602B4007F9726 /* Release */ = {
			isa = XCBuildConfiguration;
			buildSettings = {
				ALWAYS_SEARCH_USER_PATHS = NO;
				CLANG_CXX_LANGUAGE_STANDARD = "gnu++0x";
				CLANG_CXX_LIBRARY = "libc++";
				CLANG_ENABLE_MODULES = YES;
				CLANG_ENABLE_OBJC_ARC = YES;
				CLANG_WARN_BOOL_CONVERSION = YES;
				CLANG_WARN_CONSTANT_CONVERSION = YES;
				CLANG_WARN_DIRECT_OBJC_ISA_USAGE = YES_ERROR;
				CLANG_WARN_EMPTY_BODY = YES;
				CLANG_WARN_ENUM_CONVERSION = YES;
				CLANG_WARN_INT_CONVERSION = YES;
				CLANG_WARN_OBJC_ROOT_CLASS = YES_ERROR;
				CLANG_WARN__DUPLICATE_METHOD_MATCH = YES;
				"CODE_SIGN_IDENTITY[sdk=iphoneos*]" = "iPhone Developer";
				COPY_PHASE_STRIP = YES;
				ENABLE_NS_ASSERTIONS = NO;
				GCC_C_LANGUAGE_STANDARD = gnu99;
				GCC_WARN_64_TO_32_BIT_CONVERSION = YES;
				GCC_WARN_ABOUT_RETURN_TYPE = YES_ERROR;
				GCC_WARN_UNDECLARED_SELECTOR = YES;
				GCC_WARN_UNINITIALIZED_AUTOS = YES_AGGRESSIVE;
				GCC_WARN_UNUSED_FUNCTION = YES;
				GCC_WARN_UNUSED_VARIABLE = YES;
				IPHONEOS_DEPLOYMENT_TARGET = 7.1;
				SDKROOT = iphoneos;
				VALIDATE_PRODUCT = YES;
			};
			name = Release;
		};
		437FE34E19A602B4007F9726 /* Debug */ = {
			isa = XCBuildConfiguration;
			buildSettings = {
				ASSETCATALOG_COMPILER_APPICON_NAME = AppIcon;
				ASSETCATALOG_COMPILER_LAUNCHIMAGE_NAME = LaunchImage;
				GCC_PRECOMPILE_PREFIX_HEADER = YES;
				GCC_PREFIX_HEADER = "DNApp/DNApp-Prefix.pch";
				INFOPLIST_FILE = "DNApp/DNApp-Info.plist";
				PRODUCT_NAME = "$(TARGET_NAME)";
				WRAPPER_EXTENSION = app;
			};
			name = Debug;
		};
		437FE34F19A602B4007F9726 /* Release */ = {
			isa = XCBuildConfiguration;
			buildSettings = {
				ASSETCATALOG_COMPILER_APPICON_NAME = AppIcon;
				ASSETCATALOG_COMPILER_LAUNCHIMAGE_NAME = LaunchImage;
				GCC_PRECOMPILE_PREFIX_HEADER = YES;
				GCC_PREFIX_HEADER = "DNApp/DNApp-Prefix.pch";
				INFOPLIST_FILE = "DNApp/DNApp-Info.plist";
				PRODUCT_NAME = "$(TARGET_NAME)";
				WRAPPER_EXTENSION = app;
			};
			name = Release;
		};
		437FE35119A602B4007F9726 /* Debug */ = {
			isa = XCBuildConfiguration;
			buildSettings = {
				BUNDLE_LOADER = "$(BUILT_PRODUCTS_DIR)/DNApp.app/DNApp";
				FRAMEWORK_SEARCH_PATHS = (
					"$(SDKROOT)/Developer/Library/Frameworks",
					"$(inherited)",
					"$(DEVELOPER_FRAMEWORKS_DIR)",
				);
				GCC_PRECOMPILE_PREFIX_HEADER = YES;
				GCC_PREFIX_HEADER = "DNApp/DNApp-Prefix.pch";
				GCC_PREPROCESSOR_DEFINITIONS = (
					"DEBUG=1",
					"$(inherited)",
				);
				INFOPLIST_FILE = "DNAppTests/DNAppTests-Info.plist";
				PRODUCT_NAME = "$(TARGET_NAME)";
				TEST_HOST = "$(BUNDLE_LOADER)";
				WRAPPER_EXTENSION = xctest;
			};
			name = Debug;
		};
		437FE35219A602B4007F9726 /* Release */ = {
			isa = XCBuildConfiguration;
			buildSettings = {
				BUNDLE_LOADER = "$(BUILT_PRODUCTS_DIR)/DNApp.app/DNApp";
				FRAMEWORK_SEARCH_PATHS = (
					"$(SDKROOT)/Developer/Library/Frameworks",
					"$(inherited)",
					"$(DEVELOPER_FRAMEWORKS_DIR)",
				);
				GCC_PRECOMPILE_PREFIX_HEADER = YES;
				GCC_PREFIX_HEADER = "DNApp/DNApp-Prefix.pch";
				INFOPLIST_FILE = "DNAppTests/DNAppTests-Info.plist";
				PRODUCT_NAME = "$(TARGET_NAME)";
				TEST_HOST = "$(BUNDLE_LOADER)";
				WRAPPER_EXTENSION = xctest;
			};
			name = Release;
		};
/* End XCBuildConfiguration section */

/* Begin XCConfigurationList section */
		437FE31619A602B4007F9726 /* Build configuration list for PBXProject "DNApp" */ = {
			isa = XCConfigurationList;
			buildConfigurations = (
				437FE34B19A602B4007F9726 /* Debug */,
				437FE34C19A602B4007F9726 /* Release */,
			);
			defaultConfigurationIsVisible = 0;
			defaultConfigurationName = Release;
		};
		437FE34D19A602B4007F9726 /* Build configuration list for PBXNativeTarget "DNApp" */ = {
			isa = XCConfigurationList;
			buildConfigurations = (
				437FE34E19A602B4007F9726 /* Debug */,
				437FE34F19A602B4007F9726 /* Release */,
			);
			defaultConfigurationIsVisible = 0;
		};
		437FE35019A602B4007F9726 /* Build configuration list for PBXNativeTarget "DNAppTests" */ = {
			isa = XCConfigurationList;
			buildConfigurations = (
				437FE35119A602B4007F9726 /* Debug */,
				437FE35219A602B4007F9726 /* Release */,
			);
			defaultConfigurationIsVisible = 0;
		};
/* End XCConfigurationList section */
	};
	rootObject = 437FE31319A602B4007F9726 /* Project object */;
}
